// !$*UTF8*$!
{
	archiveVersion = 1;
	classes = {
	};
	objectVersion = 46;
	objects = {

/* Begin PBXBuildFile section */
		A070BC121B5241D30044E045 /* main.m in Sources */ = {isa = PBXBuildFile; fileRef = A070BC111B5241D30044E045 /* main.m */; };
		A070BC151B5241D30044E045 /* AppDelegate.m in Sources */ = {isa = PBXBuildFile; fileRef = A070BC141B5241D30044E045 /* AppDelegate.m */; };
		A070BC181B5241D30044E045 /* ViewController.m in Sources */ = {isa = PBXBuildFile; fileRef = A070BC171B5241D30044E045 /* ViewController.m */; };
		A070BC1B1B5241D30044E045 /* Main.storyboard in Resources */ = {isa = PBXBuildFile; fileRef = A070BC191B5241D30044E045 /* Main.storyboard */; };
		A070BC1D1B5241D30044E045 /* Images.xcassets in Resources */ = {isa = PBXBuildFile; fileRef = A070BC1C1B5241D30044E045 /* Images.xcassets */; };
		A070BC201B5241D30044E045 /* LaunchScreen.xib in Resources */ = {isa = PBXBuildFile; fileRef = A070BC1E1B5241D30044E045 /* LaunchScreen.xib */; };
		A070BC2C1B5241D30044E045 /* Cap7ScreenTransitionTests.m in Sources */ = {isa = PBXBuildFile; fileRef = A070BC2B1B5241D30044E045 /* Cap7ScreenTransitionTests.m */; };
		A070BC381B5242BF0044E045 /* MainViewController.m in Sources */ = {isa = PBXBuildFile; fileRef = A070BC361B5242BF0044E045 /* MainViewController.m */; };
		A070BC391B5242BF0044E045 /* MainViewController.xib in Resources */ = {isa = PBXBuildFile; fileRef = A070BC371B5242BF0044E045 /* MainViewController.xib */; };
		A070BC3D1B524C570044E045 /* CustomTransitionAnimation.m in Sources */ = {isa = PBXBuildFile; fileRef = A070BC3C1B524C570044E045 /* CustomTransitionAnimation.m */; };
		A070BC411B525BE90044E045 /* ModalViewController.m in Sources */ = {isa = PBXBuildFile; fileRef = A070BC3F1B525BE90044E045 /* ModalViewController.m */; };
		A070BC421B525BE90044E045 /* ModalViewController.xib in Resources */ = {isa = PBXBuildFile; fileRef = A070BC401B525BE90044E045 /* ModalViewController.xib */; };
		A070BC451B5266710044E045 /* InteractionTransitionAnimation.m in Sources */ = {isa = PBXBuildFile; fileRef = A070BC441B5266710044E045 /* InteractionTransitionAnimation.m */; };
/* End PBXBuildFile section */

/* Begin PBXContainerItemProxy section */
		A070BC261B5241D30044E045 /* PBXContainerItemProxy */ = {
			isa = PBXContainerItemProxy;
			containerPortal = A070BC041B5241D30044E045 /* Project object */;
			proxyType = 1;
			remoteGlobalIDString = A070BC0B1B5241D30044E045;
			remoteInfo = Cap7ScreenTransition;
		};
/* End PBXContainerItemProxy section */

/* Begin PBXFileReference section */
		A070BC0C1B5241D30044E045 /* Cap7ScreenTransition.app */ = {isa = PBXFileReference; explicitFileType = wrapper.application; includeInIndex = 0; path = Cap7ScreenTransition.app; sourceTree = BUILT_PRODUCTS_DIR; };
		A070BC101B5241D30044E045 /* Info.plist */ = {isa = PBXFileReference; lastKnownFileType = text.plist.xml; path = Info.plist; sourceTree = "<group>"; };
		A070BC111B5241D30044E045 /* main.m */ = {isa = PBXFileReference; lastKnownFileType = sourcecode.c.objc; path = main.m; sourceTree = "<group>"; };
		A070BC131B5241D30044E045 /* AppDelegate.h */ = {isa = PBXFileReference; lastKnownFileType = sourcecode.c.h; path = AppDelegate.h; sourceTree = "<group>"; };
		A070BC141B5241D30044E045 /* AppDelegate.m */ = {isa = PBXFileReference; lastKnownFileType = sourcecode.c.objc; path = AppDelegate.m; sourceTree = "<group>"; };
		A070BC161B5241D30044E045 /* ViewController.h */ = {isa = PBXFileReference; lastKnownFileType = sourcecode.c.h; path = ViewController.h; sourceTree = "<group>"; };
		A070BC171B5241D30044E045 /* ViewController.m */ = {isa = PBXFileReference; lastKnownFileType = sourcecode.c.objc; path = ViewController.m; sourceTree = "<group>"; };
		A070BC1A1B5241D30044E045 /* Base */ = {isa = PBXFileReference; lastKnownFileType = file.storyboard; name = Base; path = Base.lproj/Main.storyboard; sourceTree = "<group>"; };
		A070BC1C1B5241D30044E045 /* Images.xcassets */ = {isa = PBXFileReference; lastKnownFileType = folder.assetcatalog; path = Images.xcassets; sourceTree = "<group>"; };
		A070BC1F1B5241D30044E045 /* Base */ = {isa = PBXFileReference; lastKnownFileType = file.xib; name = Base; path = Base.lproj/LaunchScreen.xib; sourceTree = "<group>"; };
		A070BC251B5241D30044E045 /* Cap7ScreenTransitionTests.xctest */ = {isa = PBXFileReference; explicitFileType = wrapper.cfbundle; includeInIndex = 0; path = Cap7ScreenTransitionTests.xctest; sourceTree = BUILT_PRODUCTS_DIR; };
		A070BC2A1B5241D30044E045 /* Info.plist */ = {isa = PBXFileReference; lastKnownFileType = text.plist.xml; path = Info.plist; sourceTree = "<group>"; };
		A070BC2B1B5241D30044E045 /* Cap7ScreenTransitionTests.m */ = {isa = PBXFileReference; lastKnownFileType = sourcecode.c.objc; path = Cap7ScreenTransitionTests.m; sourceTree = "<group>"; };
		A070BC351B5242BF0044E045 /* MainViewController.h */ = {isa = PBXFileReference; fileEncoding = 4; lastKnownFileType = sourcecode.c.h; path = MainViewController.h; sourceTree = "<group>"; };
		A070BC361B5242BF0044E045 /* MainViewController.m */ = {isa = PBXFileReference; fileEncoding = 4; lastKnownFileType = sourcecode.c.objc; path = MainViewController.m; sourceTree = "<group>"; };
		A070BC371B5242BF0044E045 /* MainViewController.xib */ = {isa = PBXFileReference; fileEncoding = 4; lastKnownFileType = file.xib; path = MainViewController.xib; sourceTree = "<group>"; };
		A070BC3B1B524C570044E045 /* CustomTransitionAnimation.h */ = {isa = PBXFileReference; fileEncoding = 4; lastKnownFileType = sourcecode.c.h; path = CustomTransitionAnimation.h; sourceTree = "<group>"; };
		A070BC3C1B524C570044E045 /* CustomTransitionAnimation.m */ = {isa = PBXFileReference; fileEncoding = 4; lastKnownFileType = sourcecode.c.objc; path = CustomTransitionAnimation.m; sourceTree = "<group>"; };
		A070BC3E1B525BE90044E045 /* ModalViewController.h */ = {isa = PBXFileReference; fileEncoding = 4; lastKnownFileType = sourcecode.c.h; path = ModalViewController.h; sourceTree = "<group>"; };
		A070BC3F1B525BE90044E045 /* ModalViewController.m */ = {isa = PBXFileReference; fileEncoding = 4; lastKnownFileType = sourcecode.c.objc; path = ModalViewController.m; sourceTree = "<group>"; };
		A070BC401B525BE90044E045 /* ModalViewController.xib */ = {isa = PBXFileReference; fileEncoding = 4; lastKnownFileType = file.xib; path = ModalViewController.xib; sourceTree = "<group>"; };
		A070BC431B5266710044E045 /* InteractionTransitionAnimation.h */ = {isa = PBXFileReference; fileEncoding = 4; lastKnownFileType = sourcecode.c.h; path = InteractionTransitionAnimation.h; sourceTree = "<group>"; };
		A070BC441B5266710044E045 /* InteractionTransitionAnimation.m */ = {isa = PBXFileReference; fileEncoding = 4; lastKnownFileType = sourcecode.c.objc; path = InteractionTransitionAnimation.m; sourceTree = "<group>"; };
/* End PBXFileReference section */

/* Begin PBXFrameworksBuildPhase section */
		A070BC091B5241D30044E045 /* Frameworks */ = {
			isa = PBXFrameworksBuildPhase;
			buildActionMask = 2147483647;
			files = (
			);
			runOnlyForDeploymentPostprocessing = 0;
		};
		A070BC221B5241D30044E045 /* Frameworks */ = {
			isa = PBXFrameworksBuildPhase;
			buildActionMask = 2147483647;
			files = (
			);
			runOnlyForDeploymentPostprocessing = 0;
		};
/* End PBXFrameworksBuildPhase section */

/* Begin PBXGroup section */
		A070BC031B5241D30044E045 = {
			isa = PBXGroup;
			children = (
				A070BC0E1B5241D30044E045 /* Cap7ScreenTransition */,
				A070BC281B5241D30044E045 /* Cap7ScreenTransitionTests */,
				A070BC0D1B5241D30044E045 /* Products */,
			);
			sourceTree = "<group>";
		};
		A070BC0D1B5241D30044E045 /* Products */ = {
			isa = PBXGroup;
			children = (
				A070BC0C1B5241D30044E045 /* Cap7ScreenTransition.app */,
				A070BC251B5241D30044E045 /* Cap7ScreenTransitionTests.xctest */,
			);
			name = Products;
			sourceTree = "<group>";
		};
		A070BC0E1B5241D30044E045 /* Cap7ScreenTransition */ = {
			isa = PBXGroup;
			children = (
				A070BC3A1B524C080044E045 /* Animation */,
				A070BC131B5241D30044E045 /* AppDelegate.h */,
				A070BC141B5241D30044E045 /* AppDelegate.m */,
				A070BC161B5241D30044E045 /* ViewController.h */,
				A070BC171B5241D30044E045 /* ViewController.m */,
				A070BC191B5241D30044E045 /* Main.storyboard */,
				A070BC1C1B5241D30044E045 /* Images.xcassets */,
				A070BC1E1B5241D30044E045 /* LaunchScreen.xib */,
				A070BC0F1B5241D30044E045 /* Supporting Files */,
				A070BC351B5242BF0044E045 /* MainViewController.h */,
				A070BC361B5242BF0044E045 /* MainViewController.m */,
				A070BC371B5242BF0044E045 /* MainViewController.xib */,
				A070BC3E1B525BE90044E045 /* ModalViewController.h */,
				A070BC3F1B525BE90044E045 /* ModalViewController.m */,
				A070BC401B525BE90044E045 /* ModalViewController.xib */,
			);
			path = Cap7ScreenTransition;
			sourceTree = "<group>";
		};
		A070BC0F1B5241D30044E045 /* Supporting Files */ = {
			isa = PBXGroup;
			children = (
				A070BC101B5241D30044E045 /* Info.plist */,
				A070BC111B5241D30044E045 /* main.m */,
			);
			name = "Supporting Files";
			sourceTree = "<group>";
		};
		A070BC281B5241D30044E045 /* Cap7ScreenTransitionTests */ = {
			isa = PBXGroup;
			children = (
				A070BC2B1B5241D30044E045 /* Cap7ScreenTransitionTests.m */,
				A070BC291B5241D30044E045 /* Supporting Files */,
			);
			path = Cap7ScreenTransitionTests;
			sourceTree = "<group>";
		};
		A070BC291B5241D30044E045 /* Supporting Files */ = {
			isa = PBXGroup;
			children = (
				A070BC2A1B5241D30044E045 /* Info.plist */,
			);
			name = "Supporting Files";
			sourceTree = "<group>";
		};
		A070BC3A1B524C080044E045 /* Animation */ = {
			isa = PBXGroup;
			children = (
				A070BC3B1B524C570044E045 /* CustomTransitionAnimation.h */,
				A070BC3C1B524C570044E045 /* CustomTransitionAnimation.m */,
				A070BC431B5266710044E045 /* InteractionTransitionAnimation.h */,
				A070BC441B5266710044E045 /* InteractionTransitionAnimation.m */,
			);
			name = Animation;
			sourceTree = "<group>";
		};
/* End PBXGroup section */

/* Begin PBXNativeTarget section */
		A070BC0B1B5241D30044E045 /* Cap7ScreenTransition */ = {
			isa = PBXNativeTarget;
			buildConfigurationList = A070BC2F1B5241D30044E045 /* Build configuration list for PBXNativeTarget "Cap7ScreenTransition" */;
			buildPhases = (
				A070BC081B5241D30044E045 /* Sources */,
				A070BC091B5241D30044E045 /* Frameworks */,
				A070BC0A1B5241D30044E045 /* Resources */,
			);
			buildRules = (
			);
			dependencies = (
			);
			name = Cap7ScreenTransition;
			productName = Cap7ScreenTransition;
			productReference = A070BC0C1B5241D30044E045 /* Cap7ScreenTransition.app */;
			productType = "com.apple.product-type.application";
		};
		A070BC241B5241D30044E045 /* Cap7ScreenTransitionTests */ = {
			isa = PBXNativeTarget;
			buildConfigurationList = A070BC321B5241D30044E045 /* Build configuration list for PBXNativeTarget "Cap7ScreenTransitionTests" */;
			buildPhases = (
				A070BC211B5241D30044E045 /* Sources */,
				A070BC221B5241D30044E045 /* Frameworks */,
				A070BC231B5241D30044E045 /* Resources */,
			);
			buildRules = (
			);
			dependencies = (
				A070BC271B5241D30044E045 /* PBXTargetDependency */,
			);
			name = Cap7ScreenTransitionTests;
			productName = Cap7ScreenTransitionTests;
			productReference = A070BC251B5241D30044E045 /* Cap7ScreenTransitionTests.xctest */;
			productType = "com.apple.product-type.bundle.unit-test";
		};
/* End PBXNativeTarget section */

/* Begin PBXProject section */
		A070BC041B5241D30044E045 /* Project object */ = {
			isa = PBXProject;
			attributes = {
				LastUpgradeCheck = 0610;
				ORGANIZATIONNAME = TestProject;
				TargetAttributes = {
					A070BC0B1B5241D30044E045 = {
						CreatedOnToolsVersion = 6.1.1;
					};
					A070BC241B5241D30044E045 = {
						CreatedOnToolsVersion = 6.1.1;
						TestTargetID = A070BC0B1B5241D30044E045;
					};
				};
			};
			buildConfigurationList = A070BC071B5241D30044E045 /* Build configuration list for PBXProject "Cap7ScreenTransition" */;
			compatibilityVersion = "Xcode 3.2";
			developmentRegion = English;
			hasScannedForEncodings = 0;
			knownRegions = (
				en,
				Base,
			);
			mainGroup = A070BC031B5241D30044E045;
			productRefGroup = A070BC0D1B5241D30044E045 /* Products */;
			projectDirPath = "";
			projectRoot = "";
			targets = (
				A070BC0B1B5241D30044E045 /* Cap7ScreenTransition */,
				A070BC241B5241D30044E045 /* Cap7ScreenTransitionTests */,
			);
		};
/* End PBXProject section */

/* Begin PBXResourcesBuildPhase section */
		A070BC0A1B5241D30044E045 /* Resources */ = {
			isa = PBXResourcesBuildPhase;
			buildActionMask = 2147483647;
			files = (
				A070BC1B1B5241D30044E045 /* Main.storyboard in Resources */,
				A070BC421B525BE90044E045 /* ModalViewController.xib in Resources */,
				A070BC201B5241D30044E045 /* LaunchScreen.xib in Resources */,
				A070BC1D1B5241D30044E045 /* Images.xcassets in Resources */,
				A070BC391B5242BF0044E045 /* MainViewController.xib in Resources */,
			);
			runOnlyForDeploymentPostprocessing = 0;
		};
		A070BC231B5241D30044E045 /* Resources */ = {
			isa = PBXResourcesBuildPhase;
			buildActionMask = 2147483647;
			files = (
			);
			runOnlyForDeploymentPostprocessing = 0;
		};
/* End PBXResourcesBuildPhase section */

/* Begin PBXSourcesBuildPhase section */
		A070BC081B5241D30044E045 /* Sources */ = {
			isa = PBXSourcesBuildPhase;
			buildActionMask = 2147483647;
			files = (
				A070BC181B5241D30044E045 /* ViewController.m in Sources */,
				A070BC3D1B524C570044E045 /* CustomTransitionAnimation.m in Sources */,
				A070BC411B525BE90044E045 /* ModalViewController.m in Sources */,
				A070BC151B5241D30044E045 /* AppDelegate.m in Sources */,
				A070BC121B5241D30044E045 /* main.m in Sources */,
				A070BC451B5266710044E045 /* InteractionTransitionAnimation.m in Sources */,
				A070BC381B5242BF0044E045 /* MainViewController.m in Sources */,
			);
			runOnlyForDeploymentPostprocessing = 0;
		};
		A070BC211B5241D30044E045 /* Sources */ = {
			isa = PBXSourcesBuildPhase;
			buildActionMask = 2147483647;
			files = (
				A070BC2C1B5241D30044E045 /* Cap7ScreenTransitionTests.m in Sources */,
			);
			runOnlyForDeploymentPostprocessing = 0;
		};
/* End PBXSourcesBuildPhase section */

/* Begin PBXTargetDependency section */
		A070BC271B5241D30044E045 /* PBXTargetDependency */ = {
			isa = PBXTargetDependency;
			target = A070BC0B1B5241D30044E045 /* Cap7ScreenTransition */;
			targetProxy = A070BC261B5241D30044E045 /* PBXContainerItemProxy */;
		};
/* End PBXTargetDependency section */

/* Begin PBXVariantGroup section */
		A070BC191B5241D30044E045 /* Main.storyboard */ = {
			isa = PBXVariantGroup;
			children = (
				A070BC1A1B5241D30044E045 /* Base */,
			);
			name = Main.storyboard;
			sourceTree = "<group>";
		};
		A070BC1E1B5241D30044E045 /* LaunchScreen.xib */ = {
			isa = PBXVariantGroup;
			children = (
				A070BC1F1B5241D30044E045 /* Base */,
			);
			name = LaunchScreen.xib;
			sourceTree = "<group>";
		};
/* End PBXVariantGroup section */

/* Begin XCBuildConfiguration section */
		A070BC2D1B5241D30044E045 /* Debug */ = {
			isa = XCBuildConfiguration;
			buildSettings = {
				ALWAYS_SEARCH_USER_PATHS = NO;
				CLANG_CXX_LANGUAGE_STANDARD = "gnu++0x";
				CLANG_CXX_LIBRARY = "libc++";
				CLANG_ENABLE_MODULES = YES;
				CLANG_ENABLE_OBJC_ARC = YES;
				CLANG_WARN_BOOL_CONVERSION = YES;
				CLANG_WARN_CONSTANT_CONVERSION = YES;
				CLANG_WARN_DIRECT_OBJC_ISA_USAGE = YES_ERROR;
				CLANG_WARN_EMPTY_BODY = YES;
				CLANG_WARN_ENUM_CONVERSION = YES;
				CLANG_WARN_INT_CONVERSION = YES;
				CLANG_WARN_OBJC_ROOT_CLASS = YES_ERROR;
				CLANG_WARN_UNREACHABLE_CODE = YES;
				CLANG_WARN__DUPLICATE_METHOD_MATCH = YES;
				"CODE_SIGN_IDENTITY[sdk=iphoneos*]" = "iPhone Developer";
				COPY_PHASE_STRIP = NO;
				ENABLE_STRICT_OBJC_MSGSEND = YES;
				GCC_C_LANGUAGE_STANDARD = gnu99;
				GCC_DYNAMIC_NO_PIC = NO;
				GCC_OPTIMIZATION_LEVEL = 0;
				GCC_PREPROCESSOR_DEFINITIONS = (
					"DEBUG=1",
					"$(inherited)",
				);
				GCC_SYMBOLS_PRIVATE_EXTERN = NO;
				GCC_WARN_64_TO_32_BIT_CONVERSION = YES;
				GCC_WARN_ABOUT_RETURN_TYPE = YES_ERROR;
				GCC_WARN_UNDECLARED_SELECTOR = YES;
				GCC_WARN_UNINITIALIZED_AUTOS = YES_AGGRESSIVE;
				GCC_WARN_UNUSED_FUNCTION = YES;
				GCC_WARN_UNUSED_VARIABLE = YES;
				IPHONEOS_DEPLOYMENT_TARGET = 8.1;
				MTL_ENABLE_DEBUG_INFO = YES;
				ONLY_ACTIVE_ARCH = YES;
				SDKROOT = iphoneos;
			};
			name = Debug;
		};
		A070BC2E1B5241D30044E045 /* Release */ = {
			isa = XCBuildConfiguration;
			buildSettings = {
				ALWAYS_SEARCH_USER_PATHS = NO;
				CLANG_CXX_LANGUAGE_STANDARD = "gnu++0x";
				CLANG_CXX_LIBRARY = "libc++";
				CLANG_ENABLE_MODULES = YES;
				CLANG_ENABLE_OBJC_ARC = YES;
				CLANG_WARN_BOOL_CONVERSION = YES;
				CLANG_WARN_CONSTANT_CONVERSION = YES;
				CLANG_WARN_DIRECT_OBJC_ISA_USAGE = YES_ERROR;
				CLANG_WARN_EMPTY_BODY = YES;
				CLANG_WARN_ENUM_CONVERSION = YES;
				CLANG_WARN_INT_CONVERSION = YES;
				CLANG_WARN_OBJC_ROOT_CLASS = YES_ERROR;
				CLANG_WARN_UNREACHABLE_CODE = YES;
				CLANG_WARN__DUPLICATE_METHOD_MATCH = YES;
				"CODE_SIGN_IDENTITY[sdk=iphoneos*]" = "iPhone Developer";
				COPY_PHASE_STRIP = YES;
				ENABLE_NS_ASSERTIONS = NO;
				ENABLE_STRICT_OBJC_MSGSEND = YES;
				GCC_C_LANGUAGE_STANDARD = gnu99;
				GCC_WARN_64_TO_32_BIT_CONVERSION = YES;
				GCC_WARN_ABOUT_RETURN_TYPE = YES_ERROR;
				GCC_WARN_UNDECLARED_SELECTOR = YES;
				GCC_WARN_UNINITIALIZED_AUTOS = YES_AGGRESSIVE;
				GCC_WARN_UNUSED_FUNCTION = YES;
				GCC_WARN_UNUSED_VARIABLE = YES;
				IPHONEOS_DEPLOYMENT_TARGET = 8.1;
				MTL_ENABLE_DEBUG_INFO = NO;
				SDKROOT = iphoneos;
				VALIDATE_PRODUCT = YES;
			};
			name = Release;
		};
		A070BC301B5241D30044E045 /* Debug */ = {
			isa = XCBuildConfiguration;
			buildSettings = {
				ASSETCATALOG_COMPILER_APPICON_NAME = AppIcon;
				INFOPLIST_FILE = Cap7ScreenTransition/Info.plist;
				LD_RUNPATH_SEARCH_PATHS = "$(inherited) @executable_path/Frameworks";
				PRODUCT_NAME = "$(TARGET_NAME)";
			};
			name = Debug;
		};
		A070BC311B5241D30044E045 /* Release */ = {
			isa = XCBuildConfiguration;
			buildSettings = {
				ASSETCATALOG_COMPILER_APPICON_NAME = AppIcon;
				INFOPLIST_FILE = Cap7ScreenTransition/Info.plist;
				LD_RUNPATH_SEARCH_PATHS = "$(inherited) @executable_path/Frameworks";
				PRODUCT_NAME = "$(TARGET_NAME)";
			};
			name = Release;
		};
		A070BC331B5241D30044E045 /* Debug */ = {
			isa = XCBuildConfiguration;
			buildSettings = {
				BUNDLE_LOADER = "$(TEST_HOST)";
				FRAMEWORK_SEARCH_PATHS = (
					"$(SDKROOT)/Developer/Library/Frameworks",
					"$(inherited)",
				);
				GCC_PREPROCESSOR_DEFINITIONS = (
					"DEBUG=1",
					"$(inherited)",
				);
				INFOPLIST_FILE = Cap7ScreenTransitionTests/Info.plist;
				LD_RUNPATH_SEARCH_PATHS = "$(inherited) @executable_path/Frameworks @loader_path/Frameworks";
				PRODUCT_NAME = "$(TARGET_NAME)";
				TEST_HOST = "$(BUILT_PRODUCTS_DIR)/Cap7ScreenTransition.app/Cap7ScreenTransition";
			};
			name = Debug;
		};
		A070BC341B5241D30044E045 /* Release */ = {
			isa = XCBuildConfiguration;
			buildSettings = {
				BUNDLE_LOADER = "$(TEST_HOST)";
				FRAMEWORK_SEARCH_PATHS = (
					"$(SDKROOT)/Developer/Library/Frameworks",
					"$(inherited)",
				);
				INFOPLIST_FILE = Cap7ScreenTransitionTests/Info.plist;
				LD_RUNPATH_SEARCH_PATHS = "$(inherited) @executable_path/Frameworks @loader_path/Frameworks";
				PRODUCT_NAME = "$(TARGET_NAME)";
				TEST_HOST = "$(BUILT_PRODUCTS_DIR)/Cap7ScreenTransition.app/Cap7ScreenTransition";
			};
			name = Release;
		};
/* End XCBuildConfiguration section */

/* Begin XCConfigurationList section */
		A070BC071B5241D30044E045 /* Build configuration list for PBXProject "Cap7ScreenTransition" */ = {
			isa = XCConfigurationList;
			buildConfigurations = (
				A070BC2D1B5241D30044E045 /* Debug */,
				A070BC2E1B5241D30044E045 /* Release */,
			);
			defaultConfigurationIsVisible = 0;
			defaultConfigurationName = Release;
		};
		A070BC2F1B5241D30044E045 /* Build configuration list for PBXNativeTarget "Cap7ScreenTransition" */ = {
			isa = XCConfigurationList;
			buildConfigurations = (
				A070BC301B5241D30044E045 /* Debug */,
				A070BC311B5241D30044E045 /* Release */,
			);
			defaultConfigurationIsVisible = 0;
		};
		A070BC321B5241D30044E045 /* Build configuration list for PBXNativeTarget "Cap7ScreenTransitionTests" */ = {
			isa = XCConfigurationList;
			buildConfigurations = (
				A070BC331B5241D30044E045 /* Debug */,
				A070BC341B5241D30044E045 /* Release */,
			);
			defaultConfigurationIsVisible = 0;
		};
/* End XCConfigurationList section */
	};
	rootObject = A070BC041B5241D30044E045 /* Project object */;
}
